
Microsoft Visual Studio Solution File, Format Version 12.00
# Visual Studio Version 17
VisualStudioVersion = 17.3.32825.248
MinimumVisualStudioVersion = 10.0.40219.1
Project("{FAE04EC0-301F-11D3-BF4B-00C04F79EFBC}") = "CodeVULabAndHWOne", "CodeVULabAndHWOne\CodeVULabAndHWOne.csproj", "{573FB58C-F83D-4564-9A05-F62E1DD38410}"
EndProject
Global
	GlobalSection(SolutionConfigurationPlatforms) = preSolution
		Debug|Any CPU = Debug|Any CPU
		Release|Any CPU = Release|Any CPU
	EndGlobalSection
	GlobalSection(ProjectConfigurationPlatforms) = postSolution
		{573FB58C-F83D-4564-9A05-F62E1DD38410}.Debug|Any CPU.ActiveCfg = Debug|Any CPU
		{573FB58C-F83D-4564-9A05-F62E1DD38410}.Debug|Any CPU.Build.0 = Debug|Any CPU
		{573FB58C-F83D-4564-9A05-F62E1DD38410}.Release|Any CPU.ActiveCfg = Release|Any CPU
		{573FB58C-F83D-4564-9A05-F62E1DD38410}.Release|Any CPU.Build.0 = Release|Any CPU
	EndGlobalSection
	GlobalSection(SolutionProperties) = preSolution
		HideSolutionNode = FALSE
	EndGlobalSection
	GlobalSection(ExtensibilityGlobals) = postSolution
		SolutionGuid = {28DC1732-8EE0-4DD0-96BD-FA73C7B2CDCA}
	EndGlobalSection
EndGlobal
